
Microsoft Visual Studio Solution File, Format Version 12.00
# Visual Studio Version 16
VisualStudioVersion = 16.0.31624.102
MinimumVisualStudioVersion = 10.0.40219.1
Project("{9A19103F-16F7-4668-BE54-9A1E7A4F7556}") = "CabInvoiceGenerator", "CabInvoiceGenerator\CabInvoiceGenerator.csproj", "{DACE9741-3656-4EFF-B9EF-DCD2EAECEE73}"
EndProject
Project("{9A19103F-16F7-4668-BE54-9A1E7A4F7556}") = "CabInvoiceGeneratorTest", "CabInvoiceGeneratorTest\CabInvoiceGeneratorTest.csproj", "{89E0DED6-F08A-480F-BF71-6D024708000F}"
EndProject
Global
	GlobalSection(SolutionConfigurationPlatforms) = preSolution
		Debug|Any CPU = Debug|Any CPU
		Release|Any CPU = Release|Any CPU
	EndGlobalSection
	GlobalSection(ProjectConfigurationPlatforms) = postSolution
		{DACE9741-3656-4EFF-B9EF-DCD2EAECEE73}.Debug|Any CPU.ActiveCfg = Debug|Any CPU
		{DACE9741-3656-4EFF-B9EF-DCD2EAECEE73}.Debug|Any CPU.Build.0 = Debug|Any CPU
		{DACE9741-3656-4EFF-B9EF-DCD2EAECEE73}.Release|Any CPU.ActiveCfg = Release|Any CPU
		{DACE9741-3656-4EFF-B9EF-DCD2EAECEE73}.Release|Any CPU.Build.0 = Release|Any CPU
		{89E0DED6-F08A-480F-BF71-6D024708000F}.Debug|Any CPU.ActiveCfg = Debug|Any CPU
		{89E0DED6-F08A-480F-BF71-6D024708000F}.Debug|Any CPU.Build.0 = Debug|Any CPU
		{89E0DED6-F08A-480F-BF71-6D024708000F}.Release|Any CPU.ActiveCfg = Release|Any CPU
		{89E0DED6-F08A-480F-BF71-6D024708000F}.Release|Any CPU.Build.0 = Release|Any CPU
	EndGlobalSection
	GlobalSection(SolutionProperties) = preSolution
		HideSolutionNode = FALSE
	EndGlobalSection
	GlobalSection(ExtensibilityGlobals) = postSolution
		SolutionGuid = {707FEA43-F306-47CB-AB15-4A3C2E4B224F}
	EndGlobalSection
EndGlobal
